github.com/HugoSmits86/nativewebp v1.2.0 h1:XJtXeTg7FsOi9VB1elQYZy3n6VjYLqofSr3gGRLUOp4=
github.com/HugoSmits86/nativewebp v1.2.0/go.mod h1:YNQuWenlVmSUUASVNhTDwf4d7FwYQGbGhklC8p72Vr8=
github.com/ebitengine/purego v0.8.2 h1:jPPGWs2sZ1UgOSgD2bClL0MJIqu58nOmIcBuXr62z1I=
github.com/ebitengine/purego v0.8.2/go.mod h1:iIjxzd6CiRiOG0UyXP+V1+jWqUXVjPKLAI0mRfJZTmQ=
github.com/gen2brain/webp v0.5.4 h1:edPfjyt9vU9A+VMQCg7uKz/A2Jjle+yP20ZPqZH3l6s=
github.com/gen2brain/webp v0.5.4/go.mod h1:kEFkGdK1wG9ePKj9ylcLUrMQfqevXGTpVq1S8lZL0j4=
github.com/tetratelabs/wazero v1.9.0 h1:IcZ56OuxrtaEz8UYNRHBrUa9bYeX9oVY93KspZZBf/I=
github.com/tetratelabs/wazero v1.9.0/go.mod h1:TSbcXCfFP0L2FGkRPxHphadXPjo1T6W+CseNNY7EkjM=
golang.org/x/image v0.27.0 h1:C8gA4oWU/tKkdCfYT6T2u4faJu3MeNS5O8UPWlPF61w=
golang.org/x/image v0.27.0/go.mod h1:xbdrClrAUway1MUTEZDq9mz/UpRwYAkFFNUslZtcB+g=
